
Microsoft Visual Studio Solution File, Format Version 12.00
# Visual Studio 14
VisualStudioVersion = 14.0.25420.1
MinimumVisualStudioVersion = 10.0.40219.1
Project("{FAE04EC0-301F-11D3-BF4B-00C04F79EFBC}") = "Homework", "Homework\Homework.csproj", "{0398C9AC-0D4D-4B99-91AC-900B6F92E22E}"
EndProject
Global
	GlobalSection(SolutionConfigurationPlatforms) = preSolution
		Debug|Any CPU = Debug|Any CPU
		Release|Any CPU = Release|Any CPU
	EndGlobalSection
	GlobalSection(ProjectConfigurationPlatforms) = postSolution
		{0398C9AC-0D4D-4B99-91AC-900B6F92E22E}.Debug|Any CPU.ActiveCfg = Debug|Any CPU
		{0398C9AC-0D4D-4B99-91AC-900B6F92E22E}.Debug|Any CPU.Build.0 = Debug|Any CPU
		{0398C9AC-0D4D-4B99-91AC-900B6F92E22E}.Release|Any CPU.ActiveCfg = Release|Any CPU
		{0398C9AC-0D4D-4B99-91AC-900B6F92E22E}.Release|Any CPU.Build.0 = Release|Any CPU
	EndGlobalSection
	GlobalSection(SolutionProperties) = preSolution
		HideSolutionNode = FALSE
	EndGlobalSection
EndGlobal
